Microsoft Visual Studio Solution File, Format Version 12.00
# Visual Studio Version 17
VisualStudioVersion = 17.0.31912.275
MinimumVisualStudioVersion = 10.0.40219.1
Project("{6EC3EE1D-3C4E-46DD-8F32-0CC8E7565705}") = "app", "app\app.fsproj", "{DD51DD99-E27D-4CA5-9D56-FF791DED472D}"
EndProject
Project("{2150E333-8FDC-42A3-9474-1A3956D46DE8}") = "Solution Items", "Solution Items", "{69A738E7-31E1-4043-89AC-E27BE1DEC8B8}"
	ProjectSection(SolutionItems) = preProject
		post-loop.fsx = post-loop.fsx
		run-app.bat = run-app.bat
		run-post-loop.bat = run-post-loop.bat
	EndProjectSection
EndProject
Global
	GlobalSection(SolutionConfigurationPlatforms) = preSolution
		Debug|Any CPU = Debug|Any CPU
		Release|Any CPU = Release|Any CPU
	EndGlobalSection
	GlobalSection(ProjectConfigurationPlatforms) = postSolution
		{DD51DD99-E27D-4CA5-9D56-FF791DED472D}.Debug|Any CPU.ActiveCfg = Debug|Any CPU
		{DD51DD99-E27D-4CA5-9D56-FF791DED472D}.Debug|Any CPU.Build.0 = Debug|Any CPU
		{DD51DD99-E27D-4CA5-9D56-FF791DED472D}.Release|Any CPU.ActiveCfg = Release|Any CPU
		{DD51DD99-E27D-4CA5-9D56-FF791DED472D}.Release|Any CPU.Build.0 = Release|Any CPU
	EndGlobalSection
	GlobalSection(SolutionProperties) = preSolution
		HideSolutionNode = FALSE
	EndGlobalSection
	GlobalSection(ExtensibilityGlobals) = postSolution
		SolutionGuid = {579B2C59-CB92-4C93-BA37-D6425054E4F3}
	EndGlobalSection
EndGlobal
